{
    archiveVersion = 1;
    classes = {
    };
    objectVersion = 56;
    objects = {
	"00286AA0-7C86-E505-6DFA-469CBCC520AE" = {
	    fileRef = "55A0A923-D155-8505-4C39-CA6DE1CFEEF5";
	    isa = PBXBuildFile;
	};
	"068EBC40-144A-4F0F-6C38-CF0AF5B620A5" = {
	    fileRef = "CF5FFBC3-33B7-7505-7E6C-B5E8DC2A0419";
	    isa = PBXBuildFile;
	};
	"13037FD9-9FCC-4D0D-6729-37846F9AAF09" = {
	    isa = PBXFileReference;
	    lastKnownFileType = "file.nib";
	    path = "NEXTSTEP_nib2xib.nib";
	    sourceTree = "<group>";
	};
	"15F7AB9C-8FE9-5606-65B8-B7F9911CD33B" = {
	    fileRef = "90843624-5142-1808-4DE4-036CFCDFDD88";
	    isa = PBXBuildFile;
	};
	"1CCA70A2-7335-7404-7F02-2AB5828281DA" = {
	    isa = PBXFileReference;
	    lastKnownFileType = "sourcecode.c.objc";
	    path = "NSString+Additions.m";
	    sourceTree = "<group>";
	};
	"287DB7CD-4132-6808-4F3B-ED6A8CB3C1B4" = {
	    isa = PBXFileReference;
	    lastKnownFileType = "sourcecode.c.objc";
	    path = "NSMenuTemplate.m";
	    sourceTree = "<group>";
	};
	"317E1DBE-8017-DD0D-6A66-6673CCBE25F9" = {
	    isa = PBXFileReference;
	    lastKnownFileType = "sourcecode.c.objc";
	    path = "nib2xib_main.m";
	    sourceTree = "<group>";
	};
	"337B2131-7EED-CE0E-7573-2CA07E1B824C" = {
	    fileRef = "A195AFDD-C978-4505-5CC5-FFF2E7FC4C75";
	    isa = PBXBuildFile;
	};
	"36FFF7B8-2129-1303-715E-0C6503658558" = {
	    isa = PBXFileReference;
	    lastKnownFileType = "sourcecode.c.objc";
	    path = "XMLNode.m";
	    sourceTree = "<group>";
	};
	"37DD549D-908E-8909-50CD-482C81128073" = {
	    fileRef = "4FAB98FE-4894-DC0C-4A1B-87E4B5D98980";
	    isa = PBXBuildFile;
	};
	"3F149063-6B39-3505-72F2-AF1CB18BFC02" = {
	    fileRef = "1CCA70A2-7335-7404-7F02-2AB5828281DA";
	    isa = PBXBuildFile;
	};
	"3FB0FF62-F73C-2000-7C8C-58DB0F017DBE" = {
	    buildConfigurations = (
		"C1D0EBBF-32C3-0303-46D3-546B0B87C318",
		"41BE95D5-7EE9-7D0D-7899-B0F7DF176448"
	    );
	    isa = XCConfigurationList;
	};
	"41BE95D5-7EE9-7D0D-7899-B0F7DF176448" = {
	    buildSettings = {
		SDKROOT = macosx;
	    };
	    isa = XCBuildConfiguration;
	    name = Release;
	};
	"46DD8338-1E57-C303-4DDD-14B39B968395" = {
	    files = (
		"068EBC40-144A-4F0F-6C38-CF0AF5B620A5",
		"B04648AB-F325-0808-66B9-FDF40E7EA6CD",
		"00286AA0-7C86-E505-6DFA-469CBCC520AE",
		"15F7AB9C-8FE9-5606-65B8-B7F9911CD33B",
		"59451F13-F70F-7E0E-7AB0-5C451EB8C4EB",
		"37DD549D-908E-8909-50CD-482C81128073",
		"F252F2F0-D9DB-5909-6DFA-8D17875F1D69",
		"337B2131-7EED-CE0E-7573-2CA07E1B824C",
		"3F149063-6B39-3505-72F2-AF1CB18BFC02",
		"805A02B5-CF9B-5101-4158-8726E4878A24",
		"54BEBABF-43EA-DE0E-755C-BF607AF4B36F",
		"D8FAA34C-58B5-FE0E-46C5-BD6F8A6F5E88",
		"C86AF8E1-90E0-E202-687C-85A451999CC6"
	    );
	    isa = PBXSourcesBuildPhase;
	};
	"4FAB98FE-4894-DC0C-4A1B-87E4B5D98980" = {
	    isa = PBXFileReference;
	    lastKnownFileType = "sourcecode.c.objc";
	    path = "NSWindowTemplate.m";
	    sourceTree = "<group>";
	};
	"54BEBABF-43EA-DE0E-755C-BF607AF4B36F" = {
	    fileRef = "317E1DBE-8017-DD0D-6A66-6673CCBE25F9";
	    isa = PBXBuildFile;
	};
	"55A0A923-D155-8505-4C39-CA6DE1CFEEF5" = {
	    isa = PBXFileReference;
	    lastKnownFileType = "sourcecode.c.objc";
	    path = "XMLDocument.m";
	    sourceTree = "<group>";
	};
	"58562DE0-09F4-0000-494C-92B7CB6D24BF" = {
	    children = (
		"CF5FFBC3-33B7-7505-7E6C-B5E8DC2A0419",
		"6AD4FEEA-51D7-BE0E-79B2-10502F5FD962",
		"55A0A923-D155-8505-4C39-CA6DE1CFEEF5",
		"90843624-5142-1808-4DE4-036CFCDFDD88",
		"36FFF7B8-2129-1303-715E-0C6503658558",
		"4FAB98FE-4894-DC0C-4A1B-87E4B5D98980",
		"287DB7CD-4132-6808-4F3B-ED6A8CB3C1B4",
		"A195AFDD-C978-4505-5CC5-FFF2E7FC4C75",
		"1CCA70A2-7335-7404-7F02-2AB5828281DA",
		"83FBC337-4B97-0C0C-68C4-DB209195C51E",
		"317E1DBE-8017-DD0D-6A66-6673CCBE25F9",
		"13037FD9-9FCC-4D0D-6729-37846F9AAF09",
		"F3877044-EAED-9B0B-5DA0-87EA9FD2F057"
	    );
	    isa = PBXGroup;
	    sourceTree = "<group>";
	};
	"59451F13-F70F-7E0E-7AB0-5C451EB8C4EB" = {
	    fileRef = "36FFF7B8-2129-1303-715E-0C6503658558";
	    isa = PBXBuildFile;
	};
	"6AD4FEEA-51D7-BE0E-79B2-10502F5FD962" = {
	    isa = PBXFileReference;
	    lastKnownFileType = "sourcecode.c.objc";
	    path = "NSIBObjectData.m";
	    sourceTree = "<group>";
	};
	"6F3C4F8C-6041-BA0A-4FCE-0F3DB4697B35" = {
	    children = (
		"9A8B4ED6-BEBA-E101-7895-4E9EEDCE01CE"
	    );
	    isa = PBXGroup;
	    name = Products;
	    sourceTree = "<group>";
	};
	"805A02B5-CF9B-5101-4158-8726E4878A24" = {
	    fileRef = "83FBC337-4B97-0C0C-68C4-DB209195C51E";
	    isa = PBXBuildFile;
	};
	"83FBC337-4B97-0C0C-68C4-DB209195C51E" = {
	    isa = PBXFileReference;
	    lastKnownFileType = "sourcecode.c.objc";
	    path = "NSView+Additions.m";
	    sourceTree = "<group>";
	};
	"90843624-5142-1808-4DE4-036CFCDFDD88" = {
	    isa = PBXFileReference;
	    lastKnownFileType = "sourcecode.c.objc";
	    path = "XMLElement.m";
	    sourceTree = "<group>";
	};
	"9A8B4ED6-BEBA-E101-7895-4E9EEDCE01CE" = {
	    includeInIndex = 0;
	    isa = PBXFileReference;
	    lastKnownFileType = "compiled.mach-o.executable";
	    path = nib2xib;
	    sourceTree = "<group>";
	};
	"A195AFDD-C978-4505-5CC5-FFF2E7FC4C75" = {
	    isa = PBXFileReference;
	    lastKnownFileType = "sourcecode.c.objc";
	    path = "NSCustomObject.m";
	    sourceTree = "<group>";
	};
	"AAB8C9DF-AF19-7505-495D-B89B796ECA54" = {
	    buildConfigurationList = "3FB0FF62-F73C-2000-7C8C-58DB0F017DBE";
	    compatibilityVersion = "Xcode 14.0";
	    developmentRegion = en;
	    hasScannedForEncodings = 0;
	    isa = PBXProject;
	    mainGroup = "BE98A241-69FB-7B0B-58E8-0843AD7EA4FC";
	    productRefGroup = "6F3C4F8C-6041-BA0A-4FCE-0F3DB4697B35";
	    projectDirPath = "";
	    projectRoot = "";
	    targets = (
		"DA26CD63-2CAD-DE0E-678E-F6BD74651DFF"
	    );
	};
	"B04648AB-F325-0808-66B9-FDF40E7EA6CD" = {
	    fileRef = "6AD4FEEA-51D7-BE0E-79B2-10502F5FD962";
	    isa = PBXBuildFile;
	};
	"BE98A241-69FB-7B0B-58E8-0843AD7EA4FC" = {
	    children = (
		"58562DE0-09F4-0000-494C-92B7CB6D24BF",
		"6F3C4F8C-6041-BA0A-4FCE-0F3DB4697B35"
	    );
	    isa = PBXGroup;
	    sourceTree = "<group>";
	};
	"C1D0EBBF-32C3-0303-46D3-546B0B87C318" = {
	    buildSettings = {
		SDKROOT = macosx;
	    };
	    isa = XCBuildConfiguration;
	    name = Debug;
	};
	"C86AF8E1-90E0-E202-687C-85A451999CC6" = {
	    fileRef = "F3877044-EAED-9B0B-5DA0-87EA9FD2F057";
	    isa = PBXBuildFile;
	};
	"CF5FFBC3-33B7-7505-7E6C-B5E8DC2A0419" = {
	    isa = PBXFileReference;
	    lastKnownFileType = "sourcecode.c.objc";
	    path = "NIBParser.m";
	    sourceTree = "<group>";
	};
	"D09EE4C6-509F-4C0C-4755-2C3A291EBD22" = {
	    files = (
		"D8FAA34C-58B5-FE0E-46C5-BD6F8A6F5E88",
		"C86AF8E1-90E0-E202-687C-85A451999CC6"
	    );
	    isa = PBXResourcesBuildPhase;
	};
	"D8FAA34C-58B5-FE0E-46C5-BD6F8A6F5E88" = {
	    fileRef = "13037FD9-9FCC-4D0D-6729-37846F9AAF09";
	    isa = PBXBuildFile;
	};
	"DA26CD63-2CAD-DE0E-678E-F6BD74651DFF" = {
	    buildPhases = (
		"46DD8338-1E57-C303-4DDD-14B39B968395",
		"D09EE4C6-509F-4C0C-4755-2C3A291EBD22"
	    );
	    isa = PBXNativeTarget;
	    name = nib2xib;
	    productName = nib2xib;
	    productType = "com.apple.product-type.tool";
	};
	"F252F2F0-D9DB-5909-6DFA-8D17875F1D69" = {
	    fileRef = "287DB7CD-4132-6808-4F3B-ED6A8CB3C1B4";
	    isa = PBXBuildFile;
	};
	"F3877044-EAED-9B0B-5DA0-87EA9FD2F057" = {
	    isa = PBXFileReference;
	    lastKnownFileType = "file.nib";
	    path = "WINDOWS_nib2xib.nib";
	    sourceTree = "<group>";
	};
    };
    rootObject = "AAB8C9DF-AF19-7505-495D-B89B796ECA54";
}